
Microsoft Visual Studio Solution File, Format Version 12.00
# Visual Studio Version 16
VisualStudioVersion = 16.0.28803.352
MinimumVisualStudioVersion = 15.0.26124.0
Project("{9A19103F-16F7-4668-BE54-9A1E7A4F7556}") = "Rochambot", "src\Rochambot\Rochambot.csproj", "{D56134AC-F87E-4C34-BB55-7AAD52CC294D}"
EndProject
Project("{9A19103F-16F7-4668-BE54-9A1E7A4F7556}") = "RobbyBot", "src\RobbyBot\RobbyBot.csproj", "{EBAD037F-21CE-459B-BE8A-A81F1EB77702}"
EndProject
Project("{2150E333-8FDC-42A3-9474-1A3956D46DE8}") = "src", "src", "{C96B17F5-6CBC-4C0E-999D-54731181F841}"
EndProject
Project("{9A19103F-16F7-4668-BE54-9A1E7A4F7556}") = "MatchMaker", "src\MatchMaker\MatchMaker.csproj", "{61287F97-301A-4500-A18C-02D32C2A9279}"
EndProject
Project("{9A19103F-16F7-4668-BE54-9A1E7A4F7556}") = "GameMaster", "src\GameMaster\GameMaster.csproj", "{209D147B-E5A2-4757-B573-5D90B56FFBAF}"
EndProject
Project("{D954291E-2A0B-460D-934E-DC6B0785DB48}") = "Rochambot.Shared", "src\Rochambot.Shared\Rochambot.Shared.shproj", "{66E2A936-848D-46CB-A2C7-BF6A2C0FA608}"
EndProject
Global
	GlobalSection(SharedMSBuildProjectFiles) = preSolution
		src\Rochambot.Shared\Rochambot.Shared.projitems*{66e2a936-848d-46cb-a2c7-bf6a2c0fa608}*SharedItemsImports = 13
	EndGlobalSection
	GlobalSection(SolutionConfigurationPlatforms) = preSolution
		Debug|Any CPU = Debug|Any CPU
		Debug|x64 = Debug|x64
		Debug|x86 = Debug|x86
		Release|Any CPU = Release|Any CPU
		Release|x64 = Release|x64
		Release|x86 = Release|x86
	EndGlobalSection
	GlobalSection(ProjectConfigurationPlatforms) = postSolution
		{D56134AC-F87E-4C34-BB55-7AAD52CC294D}.Debug|Any CPU.ActiveCfg = Debug|Any CPU
		{D56134AC-F87E-4C34-BB55-7AAD52CC294D}.Debug|Any CPU.Build.0 = Debug|Any CPU
		{D56134AC-F87E-4C34-BB55-7AAD52CC294D}.Debug|x64.ActiveCfg = Debug|Any CPU
		{D56134AC-F87E-4C34-BB55-7AAD52CC294D}.Debug|x64.Build.0 = Debug|Any CPU
		{D56134AC-F87E-4C34-BB55-7AAD52CC294D}.Debug|x86.ActiveCfg = Debug|Any CPU
		{D56134AC-F87E-4C34-BB55-7AAD52CC294D}.Debug|x86.Build.0 = Debug|Any CPU
		{D56134AC-F87E-4C34-BB55-7AAD52CC294D}.Release|Any CPU.ActiveCfg = Release|Any CPU
		{D56134AC-F87E-4C34-BB55-7AAD52CC294D}.Release|Any CPU.Build.0 = Release|Any CPU
		{D56134AC-F87E-4C34-BB55-7AAD52CC294D}.Release|x64.ActiveCfg = Release|Any CPU
		{D56134AC-F87E-4C34-BB55-7AAD52CC294D}.Release|x64.Build.0 = Release|Any CPU
		{D56134AC-F87E-4C34-BB55-7AAD52CC294D}.Release|x86.ActiveCfg = Release|Any CPU
		{D56134AC-F87E-4C34-BB55-7AAD52CC294D}.Release|x86.Build.0 = Release|Any CPU
		{EBAD037F-21CE-459B-BE8A-A81F1EB77702}.Debug|Any CPU.ActiveCfg = Debug|Any CPU
		{EBAD037F-21CE-459B-BE8A-A81F1EB77702}.Debug|Any CPU.Build.0 = Debug|Any CPU
		{EBAD037F-21CE-459B-BE8A-A81F1EB77702}.Debug|x64.ActiveCfg = Debug|Any CPU
		{EBAD037F-21CE-459B-BE8A-A81F1EB77702}.Debug|x64.Build.0 = Debug|Any CPU
		{EBAD037F-21CE-459B-BE8A-A81F1EB77702}.Debug|x86.ActiveCfg = Debug|Any CPU
		{EBAD037F-21CE-459B-BE8A-A81F1EB77702}.Debug|x86.Build.0 = Debug|Any CPU
		{EBAD037F-21CE-459B-BE8A-A81F1EB77702}.Release|Any CPU.ActiveCfg = Release|Any CPU
		{EBAD037F-21CE-459B-BE8A-A81F1EB77702}.Release|Any CPU.Build.0 = Release|Any CPU
		{EBAD037F-21CE-459B-BE8A-A81F1EB77702}.Release|x64.ActiveCfg = Release|Any CPU
		{EBAD037F-21CE-459B-BE8A-A81F1EB77702}.Release|x64.Build.0 = Release|Any CPU
		{EBAD037F-21CE-459B-BE8A-A81F1EB77702}.Release|x86.ActiveCfg = Release|Any CPU
		{EBAD037F-21CE-459B-BE8A-A81F1EB77702}.Release|x86.Build.0 = Release|Any CPU
		{61287F97-301A-4500-A18C-02D32C2A9279}.Debug|Any CPU.ActiveCfg = Debug|Any CPU
		{61287F97-301A-4500-A18C-02D32C2A9279}.Debug|Any CPU.Build.0 = Debug|Any CPU
		{61287F97-301A-4500-A18C-02D32C2A9279}.Debug|x64.ActiveCfg = Debug|Any CPU
		{61287F97-301A-4500-A18C-02D32C2A9279}.Debug|x64.Build.0 = Debug|Any CPU
		{61287F97-301A-4500-A18C-02D32C2A9279}.Debug|x86.ActiveCfg = Debug|Any CPU
		{61287F97-301A-4500-A18C-02D32C2A9279}.Debug|x86.Build.0 = Debug|Any CPU
		{61287F97-301A-4500-A18C-02D32C2A9279}.Release|Any CPU.ActiveCfg = Release|Any CPU
		{61287F97-301A-4500-A18C-02D32C2A9279}.Release|Any CPU.Build.0 = Release|Any CPU
		{61287F97-301A-4500-A18C-02D32C2A9279}.Release|x64.ActiveCfg = Release|Any CPU
		{61287F97-301A-4500-A18C-02D32C2A9279}.Release|x64.Build.0 = Release|Any CPU
		{61287F97-301A-4500-A18C-02D32C2A9279}.Release|x86.ActiveCfg = Release|Any CPU
		{61287F97-301A-4500-A18C-02D32C2A9279}.Release|x86.Build.0 = Release|Any CPU
		{209D147B-E5A2-4757-B573-5D90B56FFBAF}.Debug|Any CPU.ActiveCfg = Debug|Any CPU
		{209D147B-E5A2-4757-B573-5D90B56FFBAF}.Debug|Any CPU.Build.0 = Debug|Any CPU
		{209D147B-E5A2-4757-B573-5D90B56FFBAF}.Debug|x64.ActiveCfg = Debug|Any CPU
		{209D147B-E5A2-4757-B573-5D90B56FFBAF}.Debug|x64.Build.0 = Debug|Any CPU
		{209D147B-E5A2-4757-B573-5D90B56FFBAF}.Debug|x86.ActiveCfg = Debug|Any CPU
		{209D147B-E5A2-4757-B573-5D90B56FFBAF}.Debug|x86.Build.0 = Debug|Any CPU
		{209D147B-E5A2-4757-B573-5D90B56FFBAF}.Release|Any CPU.ActiveCfg = Release|Any CPU
		{209D147B-E5A2-4757-B573-5D90B56FFBAF}.Release|Any CPU.Build.0 = Release|Any CPU
		{209D147B-E5A2-4757-B573-5D90B56FFBAF}.Release|x64.ActiveCfg = Release|Any CPU
		{209D147B-E5A2-4757-B573-5D90B56FFBAF}.Release|x64.Build.0 = Release|Any CPU
		{209D147B-E5A2-4757-B573-5D90B56FFBAF}.Release|x86.ActiveCfg = Release|Any CPU
		{209D147B-E5A2-4757-B573-5D90B56FFBAF}.Release|x86.Build.0 = Release|Any CPU
	EndGlobalSection
	GlobalSection(SolutionProperties) = preSolution
		HideSolutionNode = FALSE
	EndGlobalSection
	GlobalSection(NestedProjects) = preSolution
		{D56134AC-F87E-4C34-BB55-7AAD52CC294D} = {C96B17F5-6CBC-4C0E-999D-54731181F841}
		{EBAD037F-21CE-459B-BE8A-A81F1EB77702} = {C96B17F5-6CBC-4C0E-999D-54731181F841}
		{61287F97-301A-4500-A18C-02D32C2A9279} = {C96B17F5-6CBC-4C0E-999D-54731181F841}
		{209D147B-E5A2-4757-B573-5D90B56FFBAF} = {C96B17F5-6CBC-4C0E-999D-54731181F841}
		{66E2A936-848D-46CB-A2C7-BF6A2C0FA608} = {C96B17F5-6CBC-4C0E-999D-54731181F841}
	EndGlobalSection
	GlobalSection(ExtensibilityGlobals) = postSolution
		SolutionGuid = {9359A577-3D5C-40AF-AEE0-5341FBF0A194}
	EndGlobalSection
EndGlobal
