
Microsoft Visual Studio Solution File, Format Version 12.00
# Visual Studio 15
VisualStudioVersion = 15.0.26124.0
MinimumVisualStudioVersion = 15.0.26124.0
Project("{2150E333-8FDC-42A3-9474-1A3956D46DE8}") = "src", "src", "{789451C7-7030-4D53-AFF1-4B3F60FBBBC6}"
EndProject
Project("{FAE04EC0-301F-11D3-BF4B-00C04F79EFBC}") = "BotPlayer", "src\BotPlayer\BotPlayer.csproj", "{5F483757-7E64-47F9-8F5C-025E3D9879D4}"
EndProject
Project("{FAE04EC0-301F-11D3-BF4B-00C04F79EFBC}") = "Frontend", "src\Frontend\Frontend.csproj", "{B3E6CA23-50B2-43F8-8C22-0631437D01D3}"
EndProject
Project("{FAE04EC0-301F-11D3-BF4B-00C04F79EFBC}") = "GameMaster", "src\GameMaster\GameMaster.csproj", "{23D41CFE-8878-41E4-B4F3-477EB958CADA}"
EndProject
Project("{FAE04EC0-301F-11D3-BF4B-00C04F79EFBC}") = "MatchMaker", "src\MatchMaker\MatchMaker.csproj", "{E5AB291F-AF52-4231-8689-06765212E757}"
EndProject
Project("{FAE04EC0-301F-11D3-BF4B-00C04F79EFBC}") = "Scoreboard", "src\Scoreboard\Scoreboard.csproj", "{76E2E0E5-3C88-4407-B6A5-5AFAFF1AF41F}"
EndProject
Project("{FAE04EC0-301F-11D3-BF4B-00C04F79EFBC}") = "GameMaster.Client", "src\GameMaster.Client\GameMaster.Client.csproj", "{61F7B480-A286-4AF5-AAA1-24BD073F0F2B}"
EndProject
Project("{FAE04EC0-301F-11D3-BF4B-00C04F79EFBC}") = "MatchMaker.Client", "src\MatchMaker.Client\MatchMaker.Client.csproj", "{FE6504A7-EA45-4BD7-89C1-A0F0ED4F3C93}"
EndProject
Project("{FAE04EC0-301F-11D3-BF4B-00C04F79EFBC}") = "Player.Client", "src\Player.Client\Player.Client.csproj", "{356C752F-8CCC-4297-9ACF-C4979CFB7360}"
EndProject
Project("{FAE04EC0-301F-11D3-BF4B-00C04F79EFBC}") = "HumanPlayer.Client", "src\HumanPlayer.Client\HumanPlayer.Client.csproj", "{F288C063-9C55-4BCF-9535-676AC6838C23}"
EndProject
Project("{FAE04EC0-301F-11D3-BF4B-00C04F79EFBC}") = "HumanPlayer", "src\HumanPlayer\HumanPlayer.csproj", "{C93B0169-8D7E-4EEF-BCF2-4CB6D5EE16E8}"
EndProject
Global
	GlobalSection(SolutionConfigurationPlatforms) = preSolution
		Debug|Any CPU = Debug|Any CPU
		Debug|x64 = Debug|x64
		Debug|x86 = Debug|x86
		Release|Any CPU = Release|Any CPU
		Release|x64 = Release|x64
		Release|x86 = Release|x86
	EndGlobalSection
	GlobalSection(SolutionProperties) = preSolution
		HideSolutionNode = FALSE
	EndGlobalSection
	GlobalSection(ProjectConfigurationPlatforms) = postSolution
		{5F483757-7E64-47F9-8F5C-025E3D9879D4}.Debug|Any CPU.ActiveCfg = Debug|Any CPU
		{5F483757-7E64-47F9-8F5C-025E3D9879D4}.Debug|Any CPU.Build.0 = Debug|Any CPU
		{5F483757-7E64-47F9-8F5C-025E3D9879D4}.Debug|x64.ActiveCfg = Debug|Any CPU
		{5F483757-7E64-47F9-8F5C-025E3D9879D4}.Debug|x64.Build.0 = Debug|Any CPU
		{5F483757-7E64-47F9-8F5C-025E3D9879D4}.Debug|x86.ActiveCfg = Debug|Any CPU
		{5F483757-7E64-47F9-8F5C-025E3D9879D4}.Debug|x86.Build.0 = Debug|Any CPU
		{5F483757-7E64-47F9-8F5C-025E3D9879D4}.Release|Any CPU.ActiveCfg = Release|Any CPU
		{5F483757-7E64-47F9-8F5C-025E3D9879D4}.Release|Any CPU.Build.0 = Release|Any CPU
		{5F483757-7E64-47F9-8F5C-025E3D9879D4}.Release|x64.ActiveCfg = Release|Any CPU
		{5F483757-7E64-47F9-8F5C-025E3D9879D4}.Release|x64.Build.0 = Release|Any CPU
		{5F483757-7E64-47F9-8F5C-025E3D9879D4}.Release|x86.ActiveCfg = Release|Any CPU
		{5F483757-7E64-47F9-8F5C-025E3D9879D4}.Release|x86.Build.0 = Release|Any CPU
		{B3E6CA23-50B2-43F8-8C22-0631437D01D3}.Debug|Any CPU.ActiveCfg = Debug|Any CPU
		{B3E6CA23-50B2-43F8-8C22-0631437D01D3}.Debug|Any CPU.Build.0 = Debug|Any CPU
		{B3E6CA23-50B2-43F8-8C22-0631437D01D3}.Debug|x64.ActiveCfg = Debug|Any CPU
		{B3E6CA23-50B2-43F8-8C22-0631437D01D3}.Debug|x64.Build.0 = Debug|Any CPU
		{B3E6CA23-50B2-43F8-8C22-0631437D01D3}.Debug|x86.ActiveCfg = Debug|Any CPU
		{B3E6CA23-50B2-43F8-8C22-0631437D01D3}.Debug|x86.Build.0 = Debug|Any CPU
		{B3E6CA23-50B2-43F8-8C22-0631437D01D3}.Release|Any CPU.ActiveCfg = Release|Any CPU
		{B3E6CA23-50B2-43F8-8C22-0631437D01D3}.Release|Any CPU.Build.0 = Release|Any CPU
		{B3E6CA23-50B2-43F8-8C22-0631437D01D3}.Release|x64.ActiveCfg = Release|Any CPU
		{B3E6CA23-50B2-43F8-8C22-0631437D01D3}.Release|x64.Build.0 = Release|Any CPU
		{B3E6CA23-50B2-43F8-8C22-0631437D01D3}.Release|x86.ActiveCfg = Release|Any CPU
		{B3E6CA23-50B2-43F8-8C22-0631437D01D3}.Release|x86.Build.0 = Release|Any CPU
		{23D41CFE-8878-41E4-B4F3-477EB958CADA}.Debug|Any CPU.ActiveCfg = Debug|Any CPU
		{23D41CFE-8878-41E4-B4F3-477EB958CADA}.Debug|Any CPU.Build.0 = Debug|Any CPU
		{23D41CFE-8878-41E4-B4F3-477EB958CADA}.Debug|x64.ActiveCfg = Debug|Any CPU
		{23D41CFE-8878-41E4-B4F3-477EB958CADA}.Debug|x64.Build.0 = Debug|Any CPU
		{23D41CFE-8878-41E4-B4F3-477EB958CADA}.Debug|x86.ActiveCfg = Debug|Any CPU
		{23D41CFE-8878-41E4-B4F3-477EB958CADA}.Debug|x86.Build.0 = Debug|Any CPU
		{23D41CFE-8878-41E4-B4F3-477EB958CADA}.Release|Any CPU.ActiveCfg = Release|Any CPU
		{23D41CFE-8878-41E4-B4F3-477EB958CADA}.Release|Any CPU.Build.0 = Release|Any CPU
		{23D41CFE-8878-41E4-B4F3-477EB958CADA}.Release|x64.ActiveCfg = Release|Any CPU
		{23D41CFE-8878-41E4-B4F3-477EB958CADA}.Release|x64.Build.0 = Release|Any CPU
		{23D41CFE-8878-41E4-B4F3-477EB958CADA}.Release|x86.ActiveCfg = Release|Any CPU
		{23D41CFE-8878-41E4-B4F3-477EB958CADA}.Release|x86.Build.0 = Release|Any CPU
		{E5AB291F-AF52-4231-8689-06765212E757}.Debug|Any CPU.ActiveCfg = Debug|Any CPU
		{E5AB291F-AF52-4231-8689-06765212E757}.Debug|Any CPU.Build.0 = Debug|Any CPU
		{E5AB291F-AF52-4231-8689-06765212E757}.Debug|x64.ActiveCfg = Debug|Any CPU
		{E5AB291F-AF52-4231-8689-06765212E757}.Debug|x64.Build.0 = Debug|Any CPU
		{E5AB291F-AF52-4231-8689-06765212E757}.Debug|x86.ActiveCfg = Debug|Any CPU
		{E5AB291F-AF52-4231-8689-06765212E757}.Debug|x86.Build.0 = Debug|Any CPU
		{E5AB291F-AF52-4231-8689-06765212E757}.Release|Any CPU.ActiveCfg = Release|Any CPU
		{E5AB291F-AF52-4231-8689-06765212E757}.Release|Any CPU.Build.0 = Release|Any CPU
		{E5AB291F-AF52-4231-8689-06765212E757}.Release|x64.ActiveCfg = Release|Any CPU
		{E5AB291F-AF52-4231-8689-06765212E757}.Release|x64.Build.0 = Release|Any CPU
		{E5AB291F-AF52-4231-8689-06765212E757}.Release|x86.ActiveCfg = Release|Any CPU
		{E5AB291F-AF52-4231-8689-06765212E757}.Release|x86.Build.0 = Release|Any CPU
		{76E2E0E5-3C88-4407-B6A5-5AFAFF1AF41F}.Debug|Any CPU.ActiveCfg = Debug|Any CPU
		{76E2E0E5-3C88-4407-B6A5-5AFAFF1AF41F}.Debug|Any CPU.Build.0 = Debug|Any CPU
		{76E2E0E5-3C88-4407-B6A5-5AFAFF1AF41F}.Debug|x64.ActiveCfg = Debug|Any CPU
		{76E2E0E5-3C88-4407-B6A5-5AFAFF1AF41F}.Debug|x64.Build.0 = Debug|Any CPU
		{76E2E0E5-3C88-4407-B6A5-5AFAFF1AF41F}.Debug|x86.ActiveCfg = Debug|Any CPU
		{76E2E0E5-3C88-4407-B6A5-5AFAFF1AF41F}.Debug|x86.Build.0 = Debug|Any CPU
		{76E2E0E5-3C88-4407-B6A5-5AFAFF1AF41F}.Release|Any CPU.ActiveCfg = Release|Any CPU
		{76E2E0E5-3C88-4407-B6A5-5AFAFF1AF41F}.Release|Any CPU.Build.0 = Release|Any CPU
		{76E2E0E5-3C88-4407-B6A5-5AFAFF1AF41F}.Release|x64.ActiveCfg = Release|Any CPU
		{76E2E0E5-3C88-4407-B6A5-5AFAFF1AF41F}.Release|x64.Build.0 = Release|Any CPU
		{76E2E0E5-3C88-4407-B6A5-5AFAFF1AF41F}.Release|x86.ActiveCfg = Release|Any CPU
		{76E2E0E5-3C88-4407-B6A5-5AFAFF1AF41F}.Release|x86.Build.0 = Release|Any CPU
		{61F7B480-A286-4AF5-AAA1-24BD073F0F2B}.Debug|Any CPU.ActiveCfg = Debug|Any CPU
		{61F7B480-A286-4AF5-AAA1-24BD073F0F2B}.Debug|Any CPU.Build.0 = Debug|Any CPU
		{61F7B480-A286-4AF5-AAA1-24BD073F0F2B}.Debug|x64.ActiveCfg = Debug|Any CPU
		{61F7B480-A286-4AF5-AAA1-24BD073F0F2B}.Debug|x64.Build.0 = Debug|Any CPU
		{61F7B480-A286-4AF5-AAA1-24BD073F0F2B}.Debug|x86.ActiveCfg = Debug|Any CPU
		{61F7B480-A286-4AF5-AAA1-24BD073F0F2B}.Debug|x86.Build.0 = Debug|Any CPU
		{61F7B480-A286-4AF5-AAA1-24BD073F0F2B}.Release|Any CPU.ActiveCfg = Release|Any CPU
		{61F7B480-A286-4AF5-AAA1-24BD073F0F2B}.Release|Any CPU.Build.0 = Release|Any CPU
		{61F7B480-A286-4AF5-AAA1-24BD073F0F2B}.Release|x64.ActiveCfg = Release|Any CPU
		{61F7B480-A286-4AF5-AAA1-24BD073F0F2B}.Release|x64.Build.0 = Release|Any CPU
		{61F7B480-A286-4AF5-AAA1-24BD073F0F2B}.Release|x86.ActiveCfg = Release|Any CPU
		{61F7B480-A286-4AF5-AAA1-24BD073F0F2B}.Release|x86.Build.0 = Release|Any CPU
		{FE6504A7-EA45-4BD7-89C1-A0F0ED4F3C93}.Debug|Any CPU.ActiveCfg = Debug|Any CPU
		{FE6504A7-EA45-4BD7-89C1-A0F0ED4F3C93}.Debug|Any CPU.Build.0 = Debug|Any CPU
		{FE6504A7-EA45-4BD7-89C1-A0F0ED4F3C93}.Debug|x64.ActiveCfg = Debug|Any CPU
		{FE6504A7-EA45-4BD7-89C1-A0F0ED4F3C93}.Debug|x64.Build.0 = Debug|Any CPU
		{FE6504A7-EA45-4BD7-89C1-A0F0ED4F3C93}.Debug|x86.ActiveCfg = Debug|Any CPU
		{FE6504A7-EA45-4BD7-89C1-A0F0ED4F3C93}.Debug|x86.Build.0 = Debug|Any CPU
		{FE6504A7-EA45-4BD7-89C1-A0F0ED4F3C93}.Release|Any CPU.ActiveCfg = Release|Any CPU
		{FE6504A7-EA45-4BD7-89C1-A0F0ED4F3C93}.Release|Any CPU.Build.0 = Release|Any CPU
		{FE6504A7-EA45-4BD7-89C1-A0F0ED4F3C93}.Release|x64.ActiveCfg = Release|Any CPU
		{FE6504A7-EA45-4BD7-89C1-A0F0ED4F3C93}.Release|x64.Build.0 = Release|Any CPU
		{FE6504A7-EA45-4BD7-89C1-A0F0ED4F3C93}.Release|x86.ActiveCfg = Release|Any CPU
		{FE6504A7-EA45-4BD7-89C1-A0F0ED4F3C93}.Release|x86.Build.0 = Release|Any CPU
		{356C752F-8CCC-4297-9ACF-C4979CFB7360}.Debug|Any CPU.ActiveCfg = Debug|Any CPU
		{356C752F-8CCC-4297-9ACF-C4979CFB7360}.Debug|Any CPU.Build.0 = Debug|Any CPU
		{356C752F-8CCC-4297-9ACF-C4979CFB7360}.Debug|x64.ActiveCfg = Debug|Any CPU
		{356C752F-8CCC-4297-9ACF-C4979CFB7360}.Debug|x64.Build.0 = Debug|Any CPU
		{356C752F-8CCC-4297-9ACF-C4979CFB7360}.Debug|x86.ActiveCfg = Debug|Any CPU
		{356C752F-8CCC-4297-9ACF-C4979CFB7360}.Debug|x86.Build.0 = Debug|Any CPU
		{356C752F-8CCC-4297-9ACF-C4979CFB7360}.Release|Any CPU.ActiveCfg = Release|Any CPU
		{356C752F-8CCC-4297-9ACF-C4979CFB7360}.Release|Any CPU.Build.0 = Release|Any CPU
		{356C752F-8CCC-4297-9ACF-C4979CFB7360}.Release|x64.ActiveCfg = Release|Any CPU
		{356C752F-8CCC-4297-9ACF-C4979CFB7360}.Release|x64.Build.0 = Release|Any CPU
		{356C752F-8CCC-4297-9ACF-C4979CFB7360}.Release|x86.ActiveCfg = Release|Any CPU
		{356C752F-8CCC-4297-9ACF-C4979CFB7360}.Release|x86.Build.0 = Release|Any CPU
		{F288C063-9C55-4BCF-9535-676AC6838C23}.Debug|Any CPU.ActiveCfg = Debug|Any CPU
		{F288C063-9C55-4BCF-9535-676AC6838C23}.Debug|Any CPU.Build.0 = Debug|Any CPU
		{F288C063-9C55-4BCF-9535-676AC6838C23}.Debug|x64.ActiveCfg = Debug|Any CPU
		{F288C063-9C55-4BCF-9535-676AC6838C23}.Debug|x64.Build.0 = Debug|Any CPU
		{F288C063-9C55-4BCF-9535-676AC6838C23}.Debug|x86.ActiveCfg = Debug|Any CPU
		{F288C063-9C55-4BCF-9535-676AC6838C23}.Debug|x86.Build.0 = Debug|Any CPU
		{F288C063-9C55-4BCF-9535-676AC6838C23}.Release|Any CPU.ActiveCfg = Release|Any CPU
		{F288C063-9C55-4BCF-9535-676AC6838C23}.Release|Any CPU.Build.0 = Release|Any CPU
		{F288C063-9C55-4BCF-9535-676AC6838C23}.Release|x64.ActiveCfg = Release|Any CPU
		{F288C063-9C55-4BCF-9535-676AC6838C23}.Release|x64.Build.0 = Release|Any CPU
		{F288C063-9C55-4BCF-9535-676AC6838C23}.Release|x86.ActiveCfg = Release|Any CPU
		{F288C063-9C55-4BCF-9535-676AC6838C23}.Release|x86.Build.0 = Release|Any CPU
		{C93B0169-8D7E-4EEF-BCF2-4CB6D5EE16E8}.Debug|Any CPU.ActiveCfg = Debug|Any CPU
		{C93B0169-8D7E-4EEF-BCF2-4CB6D5EE16E8}.Debug|Any CPU.Build.0 = Debug|Any CPU
		{C93B0169-8D7E-4EEF-BCF2-4CB6D5EE16E8}.Debug|x64.ActiveCfg = Debug|Any CPU
		{C93B0169-8D7E-4EEF-BCF2-4CB6D5EE16E8}.Debug|x64.Build.0 = Debug|Any CPU
		{C93B0169-8D7E-4EEF-BCF2-4CB6D5EE16E8}.Debug|x86.ActiveCfg = Debug|Any CPU
		{C93B0169-8D7E-4EEF-BCF2-4CB6D5EE16E8}.Debug|x86.Build.0 = Debug|Any CPU
		{C93B0169-8D7E-4EEF-BCF2-4CB6D5EE16E8}.Release|Any CPU.ActiveCfg = Release|Any CPU
		{C93B0169-8D7E-4EEF-BCF2-4CB6D5EE16E8}.Release|Any CPU.Build.0 = Release|Any CPU
		{C93B0169-8D7E-4EEF-BCF2-4CB6D5EE16E8}.Release|x64.ActiveCfg = Release|Any CPU
		{C93B0169-8D7E-4EEF-BCF2-4CB6D5EE16E8}.Release|x64.Build.0 = Release|Any CPU
		{C93B0169-8D7E-4EEF-BCF2-4CB6D5EE16E8}.Release|x86.ActiveCfg = Release|Any CPU
		{C93B0169-8D7E-4EEF-BCF2-4CB6D5EE16E8}.Release|x86.Build.0 = Release|Any CPU
	EndGlobalSection
	GlobalSection(NestedProjects) = preSolution
		{5F483757-7E64-47F9-8F5C-025E3D9879D4} = {789451C7-7030-4D53-AFF1-4B3F60FBBBC6}
		{B3E6CA23-50B2-43F8-8C22-0631437D01D3} = {789451C7-7030-4D53-AFF1-4B3F60FBBBC6}
		{23D41CFE-8878-41E4-B4F3-477EB958CADA} = {789451C7-7030-4D53-AFF1-4B3F60FBBBC6}
		{E5AB291F-AF52-4231-8689-06765212E757} = {789451C7-7030-4D53-AFF1-4B3F60FBBBC6}
		{76E2E0E5-3C88-4407-B6A5-5AFAFF1AF41F} = {789451C7-7030-4D53-AFF1-4B3F60FBBBC6}
		{61F7B480-A286-4AF5-AAA1-24BD073F0F2B} = {789451C7-7030-4D53-AFF1-4B3F60FBBBC6}
		{FE6504A7-EA45-4BD7-89C1-A0F0ED4F3C93} = {789451C7-7030-4D53-AFF1-4B3F60FBBBC6}
		{356C752F-8CCC-4297-9ACF-C4979CFB7360} = {789451C7-7030-4D53-AFF1-4B3F60FBBBC6}
		{F288C063-9C55-4BCF-9535-676AC6838C23} = {789451C7-7030-4D53-AFF1-4B3F60FBBBC6}
		{C93B0169-8D7E-4EEF-BCF2-4CB6D5EE16E8} = {789451C7-7030-4D53-AFF1-4B3F60FBBBC6}
	EndGlobalSection
EndGlobal
